
Microsoft Visual Studio Solution File, Format Version 12.00
# Visual Studio Version 17
VisualStudioVersion = 17.5.33530.505
MinimumVisualStudioVersion = 10.0.40219.1
Project("{FAE04EC0-301F-11D3-BF4B-00C04F79EFBC}") = "parct19.3.3", "parct19.3.3\parct19.3.3.csproj", "{402AA081-66AC-49E2-B0E6-D12230847DD9}"
EndProject
Global
	GlobalSection(SolutionConfigurationPlatforms) = preSolution
		Debug|Any CPU = Debug|Any CPU
		Release|Any CPU = Release|Any CPU
	EndGlobalSection
	GlobalSection(ProjectConfigurationPlatforms) = postSolution
		{402AA081-66AC-49E2-B0E6-D12230847DD9}.Debug|Any CPU.ActiveCfg = Debug|Any CPU
		{402AA081-66AC-49E2-B0E6-D12230847DD9}.Debug|Any CPU.Build.0 = Debug|Any CPU
		{402AA081-66AC-49E2-B0E6-D12230847DD9}.Release|Any CPU.ActiveCfg = Release|Any CPU
		{402AA081-66AC-49E2-B0E6-D12230847DD9}.Release|Any CPU.Build.0 = Release|Any CPU
	EndGlobalSection
	GlobalSection(SolutionProperties) = preSolution
		HideSolutionNode = FALSE
	EndGlobalSection
	GlobalSection(ExtensibilityGlobals) = postSolution
		SolutionGuid = {0048273E-5D13-485A-9DF9-2E4D301795B2}
	EndGlobalSection
EndGlobal
