
Microsoft Visual Studio Solution File, Format Version 12.00
# Visual Studio Version 17
VisualStudioVersion = 17.5.33530.505
MinimumVisualStudioVersion = 10.0.40219.1
Project("{FAE04EC0-301F-11D3-BF4B-00C04F79EFBC}") = "WindowsFormsApp3", "WindowsFormsApp3\WindowsFormsApp3.csproj", "{DD60B8E3-4AFD-4BA6-A674-D770C5334560}"
EndProject
Global
	GlobalSection(SolutionConfigurationPlatforms) = preSolution
		Debug|Any CPU = Debug|Any CPU
		Release|Any CPU = Release|Any CPU
	EndGlobalSection
	GlobalSection(ProjectConfigurationPlatforms) = postSolution
		{DD60B8E3-4AFD-4BA6-A674-D770C5334560}.Debug|Any CPU.ActiveCfg = Debug|Any CPU
		{DD60B8E3-4AFD-4BA6-A674-D770C5334560}.Debug|Any CPU.Build.0 = Debug|Any CPU
		{DD60B8E3-4AFD-4BA6-A674-D770C5334560}.Release|Any CPU.ActiveCfg = Release|Any CPU
		{DD60B8E3-4AFD-4BA6-A674-D770C5334560}.Release|Any CPU.Build.0 = Release|Any CPU
	EndGlobalSection
	GlobalSection(SolutionProperties) = preSolution
		HideSolutionNode = FALSE
	EndGlobalSection
	GlobalSection(ExtensibilityGlobals) = postSolution
		SolutionGuid = {F7C90C55-F91D-4FAD-9D83-E5980D3F1D10}
	EndGlobalSection
EndGlobal
