
Microsoft Visual Studio Solution File, Format Version 12.00
# Visual Studio Version 17
VisualStudioVersion = 17.5.33530.505
MinimumVisualStudioVersion = 10.0.40219.1
Project("{FAE04EC0-301F-11D3-BF4B-00C04F79EFBC}") = "pract22.3.1", "pract22.3.1\pract22.3.1.csproj", "{747086FC-9C64-4B11-B883-547196BD6773}"
EndProject
Global
	GlobalSection(SolutionConfigurationPlatforms) = preSolution
		Debug|Any CPU = Debug|Any CPU
		Release|Any CPU = Release|Any CPU
	EndGlobalSection
	GlobalSection(ProjectConfigurationPlatforms) = postSolution
		{747086FC-9C64-4B11-B883-547196BD6773}.Debug|Any CPU.ActiveCfg = Debug|Any CPU
		{747086FC-9C64-4B11-B883-547196BD6773}.Debug|Any CPU.Build.0 = Debug|Any CPU
		{747086FC-9C64-4B11-B883-547196BD6773}.Release|Any CPU.ActiveCfg = Release|Any CPU
		{747086FC-9C64-4B11-B883-547196BD6773}.Release|Any CPU.Build.0 = Release|Any CPU
	EndGlobalSection
	GlobalSection(SolutionProperties) = preSolution
		HideSolutionNode = FALSE
	EndGlobalSection
	GlobalSection(ExtensibilityGlobals) = postSolution
		SolutionGuid = {BDF164F3-6AE8-40C3-A8A0-9F180568DE75}
	EndGlobalSection
EndGlobal
