
Microsoft Visual Studio Solution File, Format Version 12.00
# Visual Studio Version 17
VisualStudioVersion = 17.5.33530.505
MinimumVisualStudioVersion = 10.0.40219.1
Project("{FAE04EC0-301F-11D3-BF4B-00C04F79EFBC}") = "pract22.3.2", "pract22.3.2\pract22.3.2.csproj", "{13DD0702-7F41-4B62-8A8F-86D99FA85AB9}"
EndProject
Global
	GlobalSection(SolutionConfigurationPlatforms) = preSolution
		Debug|Any CPU = Debug|Any CPU
		Release|Any CPU = Release|Any CPU
	EndGlobalSection
	GlobalSection(ProjectConfigurationPlatforms) = postSolution
		{13DD0702-7F41-4B62-8A8F-86D99FA85AB9}.Debug|Any CPU.ActiveCfg = Debug|Any CPU
		{13DD0702-7F41-4B62-8A8F-86D99FA85AB9}.Debug|Any CPU.Build.0 = Debug|Any CPU
		{13DD0702-7F41-4B62-8A8F-86D99FA85AB9}.Release|Any CPU.ActiveCfg = Release|Any CPU
		{13DD0702-7F41-4B62-8A8F-86D99FA85AB9}.Release|Any CPU.Build.0 = Release|Any CPU
	EndGlobalSection
	GlobalSection(SolutionProperties) = preSolution
		HideSolutionNode = FALSE
	EndGlobalSection
	GlobalSection(ExtensibilityGlobals) = postSolution
		SolutionGuid = {4FD8A424-EB4A-4468-B9CC-0D8FD2292E5B}
	EndGlobalSection
EndGlobal
